// !$*UTF8*$!
{
	archiveVersion = 1;
	classes = {
	};
	objectVersion = 46;
	objects = {

/* Begin PBXBuildFile section */
		F7677E5E18B44BFD00C58FED /* UIView+JMNoise.m in Sources */ = {isa = PBXBuildFile; fileRef = F7677E4A18B44BFD00C58FED /* UIView+JMNoise.m */; };
		F7677E5F18B44BFD00C58FED /* close.png in Resources */ = {isa = PBXBuildFile; fileRef = F7677E4C18B44BFD00C58FED /* close.png */; };
		F7677E6018B44BFD00C58FED /* close@2x.png in Resources */ = {isa = PBXBuildFile; fileRef = F7677E4D18B44BFD00C58FED /* close@2x.png */; };
		F7677E6118B44BFD00C58FED /* modalButton-selected.png in Resources */ = {isa = PBXBuildFile; fileRef = F7677E4E18B44BFD00C58FED /* modalButton-selected.png */; };
		F7677E6218B44BFD00C58FED /* modalButton-selected@2x.png in Resources */ = {isa = PBXBuildFile; fileRef = F7677E4F18B44BFD00C58FED /* modalButton-selected@2x.png */; };
		F7677E6318B44BFD00C58FED /* modalButton.png in Resources */ = {isa = PBXBuildFile; fileRef = F7677E5018B44BFD00C58FED /* modalButton.png */; };
		F7677E6418B44BFD00C58FED /* modalButton@2x.png in Resources */ = {isa = PBXBuildFile; fileRef = F7677E5118B44BFD00C58FED /* modalButton@2x.png */; };
		F7677E6518B44BFD00C58FED /* UAModalPanel.m in Sources */ = {isa = PBXBuildFile; fileRef = F7677E5418B44BFD00C58FED /* UAModalPanel.m */; };
		F7677E6618B44BFD00C58FED /* UATitledModalPanel.m in Sources */ = {isa = PBXBuildFile; fileRef = F7677E5618B44BFD00C58FED /* UATitledModalPanel.m */; };
		F7677E6718B44BFD00C58FED /* UAGradientBackground.m in Sources */ = {isa = PBXBuildFile; fileRef = F7677E5918B44BFD00C58FED /* UAGradientBackground.m */; };
		F7677E6818B44BFD00C58FED /* UANoisyGradientBackground.m in Sources */ = {isa = PBXBuildFile; fileRef = F7677E5B18B44BFD00C58FED /* UANoisyGradientBackground.m */; };
		F7677E6918B44BFD00C58FED /* UARoundedRectView.m in Sources */ = {isa = PBXBuildFile; fileRef = F7677E5D18B44BFD00C58FED /* UARoundedRectView.m */; };
		F7677E6C18B44CD100C58FED /* MDAuthPanel.m in Sources */ = {isa = PBXBuildFile; fileRef = F7677E6B18B44CD100C58FED /* MDAuthPanel.m */; };
		F76B83A819A5E11700247FE8 /* MDTaskMessage.m in Sources */ = {isa = PBXBuildFile; fileRef = F76B83A119A5E11700247FE8 /* MDTaskMessage.m */; };
		F76B83A919A5E11700247FE8 /* MDTaskReplyment.m in Sources */ = {isa = PBXBuildFile; fileRef = F76B83A319A5E11700247FE8 /* MDTaskReplyment.m */; };
		F76B83AA19A5E11700247FE8 /* MDTaskReplyMessage.m in Sources */ = {isa = PBXBuildFile; fileRef = F76B83A519A5E11700247FE8 /* MDTaskReplyMessage.m */; };
		F76B83AB19A5E11700247FE8 /* MDTaskSystemMessage.m in Sources */ = {isa = PBXBuildFile; fileRef = F76B83A719A5E11700247FE8 /* MDTaskSystemMessage.m */; };
		F76B83AE19A5E12200247FE8 /* MDTaskMentionedMessage.m in Sources */ = {isa = PBXBuildFile; fileRef = F76B83AD19A5E12200247FE8 /* MDTaskMentionedMessage.m */; };
		F76B83CD19A5E13800247FE8 /* MDAPIManager+Calendar.m in Sources */ = {isa = PBXBuildFile; fileRef = F76B83B119A5E13800247FE8 /* MDAPIManager+Calendar.m */; };
		F76B83CE19A5E13800247FE8 /* MDAPIManager+Company.m in Sources */ = {isa = PBXBuildFile; fileRef = F76B83B419A5E13800247FE8 /* MDAPIManager+Company.m */; };
		F76B83CF19A5E13800247FE8 /* MDAPIManager+FullSearch.m in Sources */ = {isa = PBXBuildFile; fileRef = F76B83B719A5E13800247FE8 /* MDAPIManager+FullSearch.m */; };
		F76B83D019A5E13800247FE8 /* MDAPIManager+Group.m in Sources */ = {isa = PBXBuildFile; fileRef = F76B83BA19A5E13800247FE8 /* MDAPIManager+Group.m */; };
		F76B83D119A5E13800247FE8 /* MDAPIManager+Message.m in Sources */ = {isa = PBXBuildFile; fileRef = F76B83BD19A5E13800247FE8 /* MDAPIManager+Message.m */; };
		F76B83D219A5E13800247FE8 /* MDAPIManager+Passport.m in Sources */ = {isa = PBXBuildFile; fileRef = F76B83C019A5E13800247FE8 /* MDAPIManager+Passport.m */; };
		F76B83D319A5E13800247FE8 /* MDAPIManager+Post.m in Sources */ = {isa = PBXBuildFile; fileRef = F76B83C319A5E13800247FE8 /* MDAPIManager+Post.m */; };
		F76B83D419A5E13800247FE8 /* MDAPIManager+Task.m in Sources */ = {isa = PBXBuildFile; fileRef = F76B83C619A5E13800247FE8 /* MDAPIManager+Task.m */; };
		F76B83D519A5E13800247FE8 /* MDAPIManager+User.m in Sources */ = {isa = PBXBuildFile; fileRef = F76B83C919A5E13800247FE8 /* MDAPIManager+User.m */; };
		F76B83D619A5E13800247FE8 /* MDAPIManager+Vote.m in Sources */ = {isa = PBXBuildFile; fileRef = F76B83CC19A5E13800247FE8 /* MDAPIManager+Vote.m */; };
		F7B3F4F11886204800F186DB /* Foundation.framework in Frameworks */ = {isa = PBXBuildFile; fileRef = F7B3F4F01886204800F186DB /* Foundation.framework */; };
		F7B3F4F31886204800F186DB /* CoreGraphics.framework in Frameworks */ = {isa = PBXBuildFile; fileRef = F7B3F4F21886204800F186DB /* CoreGraphics.framework */; };
		F7B3F4F51886204800F186DB /* UIKit.framework in Frameworks */ = {isa = PBXBuildFile; fileRef = F7B3F4F41886204800F186DB /* UIKit.framework */; };
		F7B3F4FB1886204800F186DB /* InfoPlist.strings in Resources */ = {isa = PBXBuildFile; fileRef = F7B3F4F91886204800F186DB /* InfoPlist.strings */; };
		F7B3F4FD1886204800F186DB /* main.m in Sources */ = {isa = PBXBuildFile; fileRef = F7B3F4FC1886204800F186DB /* main.m */; };
		F7B3F5011886204800F186DB /* AppDelegate.m in Sources */ = {isa = PBXBuildFile; fileRef = F7B3F5001886204800F186DB /* AppDelegate.m */; };
		F7B3F5041886204800F186DB /* Main.storyboard in Resources */ = {isa = PBXBuildFile; fileRef = F7B3F5021886204800F186DB /* Main.storyboard */; };
		F7B3F5071886204800F186DB /* ViewController.m in Sources */ = {isa = PBXBuildFile; fileRef = F7B3F5061886204800F186DB /* ViewController.m */; };
		F7B3F5091886204800F186DB /* Images.xcassets in Resources */ = {isa = PBXBuildFile; fileRef = F7B3F5081886204800F186DB /* Images.xcassets */; };
		F7B3F5101886204800F186DB /* XCTest.framework in Frameworks */ = {isa = PBXBuildFile; fileRef = F7B3F50F1886204800F186DB /* XCTest.framework */; };
		F7B3F5111886204800F186DB /* Foundation.framework in Frameworks */ = {isa = PBXBuildFile; fileRef = F7B3F4F01886204800F186DB /* Foundation.framework */; };
		F7B3F5121886204800F186DB /* UIKit.framework in Frameworks */ = {isa = PBXBuildFile; fileRef = F7B3F4F41886204800F186DB /* UIKit.framework */; };
		F7B3F51A1886204800F186DB /* InfoPlist.strings in Resources */ = {isa = PBXBuildFile; fileRef = F7B3F5181886204800F186DB /* InfoPlist.strings */; };
		F7B3F51C1886204800F186DB /* MDAuthticationSDKDemoTests.m in Sources */ = {isa = PBXBuildFile; fileRef = F7B3F51B1886204800F186DB /* MDAuthticationSDKDemoTests.m */; };
		F7B3F58418862D3E00F186DB /* MDAPIManager.m in Sources */ = {isa = PBXBuildFile; fileRef = F7B3F54518862D3E00F186DB /* MDAPIManager.m */; };
		F7B3F58518862D3E00F186DB /* MDAuthenticator.m in Sources */ = {isa = PBXBuildFile; fileRef = F7B3F54818862D3E00F186DB /* MDAuthenticator.m */; };
		F7B3F58B18862D3E00F186DB /* MDErrorParser.m in Sources */ = {isa = PBXBuildFile; fileRef = F7B3F55518862D3E00F186DB /* MDErrorParser.m */; };
		F7B3F58C18862D3E00F186DB /* MDURLConnection.m in Sources */ = {isa = PBXBuildFile; fileRef = F7B3F55718862D3E00F186DB /* MDURLConnection.m */; };
		F7B3F58D18862D3E00F186DB /* MDURLConnectionQueue.m in Sources */ = {isa = PBXBuildFile; fileRef = F7B3F55918862D3E00F186DB /* MDURLConnectionQueue.m */; };
		F7B3F58E18862D3E00F186DB /* MDCompany.m in Sources */ = {isa = PBXBuildFile; fileRef = F7B3F55C18862D3E00F186DB /* MDCompany.m */; };
		F7B3F58F18862D3E00F186DB /* MDEvent.m in Sources */ = {isa = PBXBuildFile; fileRef = F7B3F55E18862D3E00F186DB /* MDEvent.m */; };
		F7B3F59018862D3E00F186DB /* MDGroup.m in Sources */ = {isa = PBXBuildFile; fileRef = F7B3F56018862D3E00F186DB /* MDGroup.m */; };
		F7B3F59118862D3E00F186DB /* MDMessage.m in Sources */ = {isa = PBXBuildFile; fileRef = F7B3F56218862D3E00F186DB /* MDMessage.m */; };
		F7B3F59218862D3E00F186DB /* MDMessageAll.m in Sources */ = {isa = PBXBuildFile; fileRef = F7B3F56418862D3E00F186DB /* MDMessageAll.m */; };
		F7B3F59318862D3E00F186DB /* MDPost.m in Sources */ = {isa = PBXBuildFile; fileRef = F7B3F56618862D3E00F186DB /* MDPost.m */; };
		F7B3F59418862D3E00F186DB /* MDPostAt.m in Sources */ = {isa = PBXBuildFile; fileRef = F7B3F56818862D3E00F186DB /* MDPostAt.m */; };
		F7B3F59518862D3E00F186DB /* MDPostReplyment.m in Sources */ = {isa = PBXBuildFile; fileRef = F7B3F56A18862D3E00F186DB /* MDPostReplyment.m */; };
		F7B3F59618862D3E00F186DB /* MDProject.m in Sources */ = {isa = PBXBuildFile; fileRef = F7B3F56C18862D3E00F186DB /* MDProject.m */; };
		F7B3F59718862D3E00F186DB /* MDTag.m in Sources */ = {isa = PBXBuildFile; fileRef = F7B3F56E18862D3E00F186DB /* MDTag.m */; };
		F7B3F59818862D3E00F186DB /* MDTask.m in Sources */ = {isa = PBXBuildFile; fileRef = F7B3F57018862D3E00F186DB /* MDTask.m */; };
		F7B3F59A18862D3E00F186DB /* MDUser.m in Sources */ = {isa = PBXBuildFile; fileRef = F7B3F57418862D3E00F186DB /* MDUser.m */; };
/* End PBXBuildFile section */

/* Begin PBXContainerItemProxy section */
		F7B3F5131886204800F186DB /* PBXContainerItemProxy */ = {
			isa = PBXContainerItemProxy;
			containerPortal = F7B3F4E51886204800F186DB /* Project object */;
			proxyType = 1;
			remoteGlobalIDString = F7B3F4EC1886204800F186DB;
			remoteInfo = MDAuthticationSDKDemo;
		};
/* End PBXContainerItemProxy section */

/* Begin PBXFileReference section */
		F7677E4918B44BFD00C58FED /* UIView+JMNoise.h */ = {isa = PBXFileReference; fileEncoding = 4; lastKnownFileType = sourcecode.c.h; path = "UIView+JMNoise.h"; sourceTree = "<group>"; };
		F7677E4A18B44BFD00C58FED /* UIView+JMNoise.m */ = {isa = PBXFileReference; fileEncoding = 4; lastKnownFileType = sourcecode.c.objc; path = "UIView+JMNoise.m"; sourceTree = "<group>"; };
		F7677E4C18B44BFD00C58FED /* close.png */ = {isa = PBXFileReference; lastKnownFileType = image.png; path = close.png; sourceTree = "<group>"; };
		F7677E4D18B44BFD00C58FED /* close@2x.png */ = {isa = PBXFileReference; lastKnownFileType = image.png; path = "close@2x.png"; sourceTree = "<group>"; };
		F7677E4E18B44BFD00C58FED /* modalButton-selected.png */ = {isa = PBXFileReference; lastKnownFileType = image.png; path = "modalButton-selected.png"; sourceTree = "<group>"; };
		F7677E4F18B44BFD00C58FED /* modalButton-selected@2x.png */ = {isa = PBXFileReference; lastKnownFileType = image.png; path = "modalButton-selected@2x.png"; sourceTree = "<group>"; };
		F7677E5018B44BFD00C58FED /* modalButton.png */ = {isa = PBXFileReference; lastKnownFileType = image.png; path = modalButton.png; sourceTree = "<group>"; };
		F7677E5118B44BFD00C58FED /* modalButton@2x.png */ = {isa = PBXFileReference; lastKnownFileType = image.png; path = "modalButton@2x.png"; sourceTree = "<group>"; };
		F7677E5318B44BFD00C58FED /* UAModalPanel.h */ = {isa = PBXFileReference; fileEncoding = 4; lastKnownFileType = sourcecode.c.h; path = UAModalPanel.h; sourceTree = "<group>"; };
		F7677E5418B44BFD00C58FED /* UAModalPanel.m */ = {isa = PBXFileReference; fileEncoding = 4; lastKnownFileType = sourcecode.c.objc; path = UAModalPanel.m; sourceTree = "<group>"; };
		F7677E5518B44BFD00C58FED /* UATitledModalPanel.h */ = {isa = PBXFileReference; fileEncoding = 4; lastKnownFileType = sourcecode.c.h; path = UATitledModalPanel.h; sourceTree = "<group>"; };
		F7677E5618B44BFD00C58FED /* UATitledModalPanel.m */ = {isa = PBXFileReference; fileEncoding = 4; lastKnownFileType = sourcecode.c.objc; path = UATitledModalPanel.m; sourceTree = "<group>"; };
		F7677E5818B44BFD00C58FED /* UAGradientBackground.h */ = {isa = PBXFileReference; fileEncoding = 4; lastKnownFileType = sourcecode.c.h; path = UAGradientBackground.h; sourceTree = "<group>"; };
		F7677E5918B44BFD00C58FED /* UAGradientBackground.m */ = {isa = PBXFileReference; fileEncoding = 4; lastKnownFileType = sourcecode.c.objc; path = UAGradientBackground.m; sourceTree = "<group>"; };
		F7677E5A18B44BFD00C58FED /* UANoisyGradientBackground.h */ = {isa = PBXFileReference; fileEncoding = 4; lastKnownFileType = sourcecode.c.h; path = UANoisyGradientBackground.h; sourceTree = "<group>"; };
		F7677E5B18B44BFD00C58FED /* UANoisyGradientBackground.m */ = {isa = PBXFileReference; fileEncoding = 4; lastKnownFileType = sourcecode.c.objc; path = UANoisyGradientBackground.m; sourceTree = "<group>"; };
		F7677E5C18B44BFD00C58FED /* UARoundedRectView.h */ = {isa = PBXFileReference; fileEncoding = 4; lastKnownFileType = sourcecode.c.h; path = UARoundedRectView.h; sourceTree = "<group>"; };
		F7677E5D18B44BFD00C58FED /* UARoundedRectView.m */ = {isa = PBXFileReference; fileEncoding = 4; lastKnownFileType = sourcecode.c.objc; path = UARoundedRectView.m; sourceTree = "<group>"; };
		F7677E6A18B44CD100C58FED /* MDAuthPanel.h */ = {isa = PBXFileReference; fileEncoding = 4; lastKnownFileType = sourcecode.c.h; path = MDAuthPanel.h; sourceTree = "<group>"; };
		F7677E6B18B44CD100C58FED /* MDAuthPanel.m */ = {isa = PBXFileReference; fileEncoding = 4; lastKnownFileType = sourcecode.c.objc; path = MDAuthPanel.m; sourceTree = "<group>"; };
		F76B83A019A5E11700247FE8 /* MDTaskMessage.h */ = {isa = PBXFileReference; fileEncoding = 4; lastKnownFileType = sourcecode.c.h; path = MDTaskMessage.h; sourceTree = "<group>"; };
		F76B83A119A5E11700247FE8 /* MDTaskMessage.m */ = {isa = PBXFileReference; fileEncoding = 4; lastKnownFileType = sourcecode.c.objc; path = MDTaskMessage.m; sourceTree = "<group>"; };
		F76B83A219A5E11700247FE8 /* MDTaskReplyment.h */ = {isa = PBXFileReference; fileEncoding = 4; lastKnownFileType = sourcecode.c.h; path = MDTaskReplyment.h; sourceTree = "<group>"; };
		F76B83A319A5E11700247FE8 /* MDTaskReplyment.m */ = {isa = PBXFileReference; fileEncoding = 4; lastKnownFileType = sourcecode.c.objc; path = MDTaskReplyment.m; sourceTree = "<group>"; };
		F76B83A419A5E11700247FE8 /* MDTaskReplyMessage.h */ = {isa = PBXFileReference; fileEncoding = 4; lastKnownFileType = sourcecode.c.h; path = MDTaskReplyMessage.h; sourceTree = "<group>"; };
		F76B83A519A5E11700247FE8 /* MDTaskReplyMessage.m */ = {isa = PBXFileReference; fileEncoding = 4; lastKnownFileType = sourcecode.c.objc; path = MDTaskReplyMessage.m; sourceTree = "<group>"; };
		F76B83A619A5E11700247FE8 /* MDTaskSystemMessage.h */ = {isa = PBXFileReference; fileEncoding = 4; lastKnownFileType = sourcecode.c.h; path = MDTaskSystemMessage.h; sourceTree = "<group>"; };
		F76B83A719A5E11700247FE8 /* MDTaskSystemMessage.m */ = {isa = PBXFileReference; fileEncoding = 4; lastKnownFileType = sourcecode.c.objc; path = MDTaskSystemMessage.m; sourceTree = "<group>"; };
		F76B83AC19A5E12200247FE8 /* MDTaskMentionedMessage.h */ = {isa = PBXFileReference; fileEncoding = 4; lastKnownFileType = sourcecode.c.h; path = MDTaskMentionedMessage.h; sourceTree = "<group>"; };
		F76B83AD19A5E12200247FE8 /* MDTaskMentionedMessage.m */ = {isa = PBXFileReference; fileEncoding = 4; lastKnownFileType = sourcecode.c.objc; path = MDTaskMentionedMessage.m; sourceTree = "<group>"; };
		F76B83B019A5E13800247FE8 /* MDAPIManager+Calendar.h */ = {isa = PBXFileReference; fileEncoding = 4; lastKnownFileType = sourcecode.c.h; path = "MDAPIManager+Calendar.h"; sourceTree = "<group>"; };
		F76B83B119A5E13800247FE8 /* MDAPIManager+Calendar.m */ = {isa = PBXFileReference; fileEncoding = 4; lastKnownFileType = sourcecode.c.objc; path = "MDAPIManager+Calendar.m"; sourceTree = "<group>"; };
		F76B83B319A5E13800247FE8 /* MDAPIManager+Company.h */ = {isa = PBXFileReference; fileEncoding = 4; lastKnownFileType = sourcecode.c.h; path = "MDAPIManager+Company.h"; sourceTree = "<group>"; };
		F76B83B419A5E13800247FE8 /* MDAPIManager+Company.m */ = {isa = PBXFileReference; fileEncoding = 4; lastKnownFileType = sourcecode.c.objc; path = "MDAPIManager+Company.m"; sourceTree = "<group>"; };
		F76B83B619A5E13800247FE8 /* MDAPIManager+FullSearch.h */ = {isa = PBXFileReference; fileEncoding = 4; lastKnownFileType = sourcecode.c.h; path = "MDAPIManager+FullSearch.h"; sourceTree = "<group>"; };
		F76B83B719A5E13800247FE8 /* MDAPIManager+FullSearch.m */ = {isa = PBXFileReference; fileEncoding = 4; lastKnownFileType = sourcecode.c.objc; path = "MDAPIManager+FullSearch.m"; sourceTree = "<group>"; };
		F76B83B919A5E13800247FE8 /* MDAPIManager+Group.h */ = {isa = PBXFileReference; fileEncoding = 4; lastKnownFileType = sourcecode.c.h; path = "MDAPIManager+Group.h"; sourceTree = "<group>"; };
		F76B83BA19A5E13800247FE8 /* MDAPIManager+Group.m */ = {isa = PBXFileReference; fileEncoding = 4; lastKnownFileType = sourcecode.c.objc; path = "MDAPIManager+Group.m"; sourceTree = "<group>"; };
		F76B83BC19A5E13800247FE8 /* MDAPIManager+Message.h */ = {isa = PBXFileReference; fileEncoding = 4; lastKnownFileType = sourcecode.c.h; path = "MDAPIManager+Message.h"; sourceTree = "<group>"; };
		F76B83BD19A5E13800247FE8 /* MDAPIManager+Message.m */ = {isa = PBXFileReference; fileEncoding = 4; lastKnownFileType = sourcecode.c.objc; path = "MDAPIManager+Message.m"; sourceTree = "<group>"; };
		F76B83BF19A5E13800247FE8 /* MDAPIManager+Passport.h */ = {isa = PBXFileReference; fileEncoding = 4; lastKnownFileType = sourcecode.c.h; path = "MDAPIManager+Passport.h"; sourceTree = "<group>"; };
		F76B83C019A5E13800247FE8 /* MDAPIManager+Passport.m */ = {isa = PBXFileReference; fileEncoding = 4; lastKnownFileType = sourcecode.c.objc; path = "MDAPIManager+Passport.m"; sourceTree = "<group>"; };
		F76B83C219A5E13800247FE8 /* MDAPIManager+Post.h */ = {isa = PBXFileReference; fileEncoding = 4; lastKnownFileType = sourcecode.c.h; path = "MDAPIManager+Post.h"; sourceTree = "<group>"; };
		F76B83C319A5E13800247FE8 /* MDAPIManager+Post.m */ = {isa = PBXFileReference; fileEncoding = 4; lastKnownFileType = sourcecode.c.objc; path = "MDAPIManager+Post.m"; sourceTree = "<group>"; };
		F76B83C519A5E13800247FE8 /* MDAPIManager+Task.h */ = {isa = PBXFileReference; fileEncoding = 4; lastKnownFileType = sourcecode.c.h; path = "MDAPIManager+Task.h"; sourceTree = "<group>"; };
		F76B83C619A5E13800247FE8 /* MDAPIManager+Task.m */ = {isa = PBXFileReference; fileEncoding = 4; lastKnownFileType = sourcecode.c.objc; path = "MDAPIManager+Task.m"; sourceTree = "<group>"; };
		F76B83C819A5E13800247FE8 /* MDAPIManager+User.h */ = {isa = PBXFileReference; fileEncoding = 4; lastKnownFileType = sourcecode.c.h; path = "MDAPIManager+User.h"; sourceTree = "<group>"; };
		F76B83C919A5E13800247FE8 /* MDAPIManager+User.m */ = {isa = PBXFileReference; fileEncoding = 4; lastKnownFileType = sourcecode.c.objc; path = "MDAPIManager+User.m"; sourceTree = "<group>"; };
		F76B83CB19A5E13800247FE8 /* MDAPIManager+Vote.h */ = {isa = PBXFileReference; fileEncoding = 4; lastKnownFileType = sourcecode.c.h; path = "MDAPIManager+Vote.h"; sourceTree = "<group>"; };
		F76B83CC19A5E13800247FE8 /* MDAPIManager+Vote.m */ = {isa = PBXFileReference; fileEncoding = 4; lastKnownFileType = sourcecode.c.objc; path = "MDAPIManager+Vote.m"; sourceTree = "<group>"; };
		F76B83D719A5E2DB00247FE8 /* MDAPICategory.h */ = {isa = PBXFileReference; fileEncoding = 4; lastKnownFileType = sourcecode.c.h; path = MDAPICategory.h; sourceTree = "<group>"; };
		F7B3F4ED1886204800F186DB /* MDAuthticationSDKDemo.app */ = {isa = PBXFileReference; explicitFileType = wrapper.application; includeInIndex = 0; path = MDAuthticationSDKDemo.app; sourceTree = BUILT_PRODUCTS_DIR; };
		F7B3F4F01886204800F186DB /* Foundation.framework */ = {isa = PBXFileReference; lastKnownFileType = wrapper.framework; name = Foundation.framework; path = System/Library/Frameworks/Foundation.framework; sourceTree = SDKROOT; };
		F7B3F4F21886204800F186DB /* CoreGraphics.framework */ = {isa = PBXFileReference; lastKnownFileType = wrapper.framework; name = CoreGraphics.framework; path = System/Library/Frameworks/CoreGraphics.framework; sourceTree = SDKROOT; };
		F7B3F4F41886204800F186DB /* UIKit.framework */ = {isa = PBXFileReference; lastKnownFileType = wrapper.framework; name = UIKit.framework; path = System/Library/Frameworks/UIKit.framework; sourceTree = SDKROOT; };
		F7B3F4F81886204800F186DB /* MDAuthticationSDKDemo-Info.plist */ = {isa = PBXFileReference; lastKnownFileType = text.plist.xml; path = "MDAuthticationSDKDemo-Info.plist"; sourceTree = "<group>"; };
		F7B3F4FA1886204800F186DB /* en */ = {isa = PBXFileReference; lastKnownFileType = text.plist.strings; name = en; path = en.lproj/InfoPlist.strings; sourceTree = "<group>"; };
		F7B3F4FC1886204800F186DB /* main.m */ = {isa = PBXFileReference; lastKnownFileType = sourcecode.c.objc; path = main.m; sourceTree = "<group>"; };
		F7B3F4FE1886204800F186DB /* MDAuthticationSDKDemo-Prefix.pch */ = {isa = PBXFileReference; lastKnownFileType = sourcecode.c.h; path = "MDAuthticationSDKDemo-Prefix.pch"; sourceTree = "<group>"; };
		F7B3F4FF1886204800F186DB /* AppDelegate.h */ = {isa = PBXFileReference; lastKnownFileType = sourcecode.c.h; path = AppDelegate.h; sourceTree = "<group>"; };
		F7B3F5001886204800F186DB /* AppDelegate.m */ = {isa = PBXFileReference; lastKnownFileType = sourcecode.c.objc; path = AppDelegate.m; sourceTree = "<group>"; };
		F7B3F5031886204800F186DB /* Base */ = {isa = PBXFileReference; lastKnownFileType = file.storyboard; name = Base; path = Base.lproj/Main.storyboard; sourceTree = "<group>"; };
		F7B3F5051886204800F186DB /* ViewController.h */ = {isa = PBXFileReference; lastKnownFileType = sourcecode.c.h; path = ViewController.h; sourceTree = "<group>"; };
		F7B3F5061886204800F186DB /* ViewController.m */ = {isa = PBXFileReference; lastKnownFileType = sourcecode.c.objc; path = ViewController.m; sourceTree = "<group>"; };
		F7B3F5081886204800F186DB /* Images.xcassets */ = {isa = PBXFileReference; lastKnownFileType = folder.assetcatalog; path = Images.xcassets; sourceTree = "<group>"; };
		F7B3F50E1886204800F186DB /* MDAuthticationSDKDemoTests.xctest */ = {isa = PBXFileReference; explicitFileType = wrapper.cfbundle; includeInIndex = 0; path = MDAuthticationSDKDemoTests.xctest; sourceTree = BUILT_PRODUCTS_DIR; };
		F7B3F50F1886204800F186DB /* XCTest.framework */ = {isa = PBXFileReference; lastKnownFileType = wrapper.framework; name = XCTest.framework; path = Library/Frameworks/XCTest.framework; sourceTree = DEVELOPER_DIR; };
		F7B3F5171886204800F186DB /* MDAuthticationSDKDemoTests-Info.plist */ = {isa = PBXFileReference; lastKnownFileType = text.plist.xml; path = "MDAuthticationSDKDemoTests-Info.plist"; sourceTree = "<group>"; };
		F7B3F5191886204800F186DB /* en */ = {isa = PBXFileReference; lastKnownFileType = text.plist.strings; name = en; path = en.lproj/InfoPlist.strings; sourceTree = "<group>"; };
		F7B3F51B1886204800F186DB /* MDAuthticationSDKDemoTests.m */ = {isa = PBXFileReference; lastKnownFileType = sourcecode.c.objc; path = MDAuthticationSDKDemoTests.m; sourceTree = "<group>"; };
		F7B3F54318862D3E00F186DB /* MDAPIHandler.h */ = {isa = PBXFileReference; fileEncoding = 4; lastKnownFileType = sourcecode.c.h; path = MDAPIHandler.h; sourceTree = "<group>"; };
		F7B3F54418862D3E00F186DB /* MDAPIManager.h */ = {isa = PBXFileReference; fileEncoding = 4; lastKnownFileType = sourcecode.c.h; path = MDAPIManager.h; sourceTree = "<group>"; };
		F7B3F54518862D3E00F186DB /* MDAPIManager.m */ = {isa = PBXFileReference; fileEncoding = 4; lastKnownFileType = sourcecode.c.objc; path = MDAPIManager.m; sourceTree = "<group>"; };
		F7B3F54718862D3E00F186DB /* MDAuthenticator.h */ = {isa = PBXFileReference; fileEncoding = 4; lastKnownFileType = sourcecode.c.h; path = MDAuthenticator.h; sourceTree = "<group>"; };
		F7B3F54818862D3E00F186DB /* MDAuthenticator.m */ = {isa = PBXFileReference; fileEncoding = 4; lastKnownFileType = sourcecode.c.objc; path = MDAuthenticator.m; sourceTree = "<group>"; };
		F7B3F55418862D3E00F186DB /* MDErrorParser.h */ = {isa = PBXFileReference; fileEncoding = 4; lastKnownFileType = sourcecode.c.h; path = MDErrorParser.h; sourceTree = "<group>"; };
		F7B3F55518862D3E00F186DB /* MDErrorParser.m */ = {isa = PBXFileReference; fileEncoding = 4; lastKnownFileType = sourcecode.c.objc; path = MDErrorParser.m; sourceTree = "<group>"; };
		F7B3F55618862D3E00F186DB /* MDURLConnection.h */ = {isa = PBXFileReference; fileEncoding = 4; lastKnownFileType = sourcecode.c.h; path = MDURLConnection.h; sourceTree = "<group>"; };
		F7B3F55718862D3E00F186DB /* MDURLConnection.m */ = {isa = PBXFileReference; fileEncoding = 4; lastKnownFileType = sourcecode.c.objc; path = MDURLConnection.m; sourceTree = "<group>"; };
		F7B3F55818862D3E00F186DB /* MDURLConnectionQueue.h */ = {isa = PBXFileReference; fileEncoding = 4; lastKnownFileType = sourcecode.c.h; path = MDURLConnectionQueue.h; sourceTree = "<group>"; };
		F7B3F55918862D3E00F186DB /* MDURLConnectionQueue.m */ = {isa = PBXFileReference; fileEncoding = 4; lastKnownFileType = sourcecode.c.objc; path = MDURLConnectionQueue.m; sourceTree = "<group>"; };
		F7B3F55B18862D3E00F186DB /* MDCompany.h */ = {isa = PBXFileReference; fileEncoding = 4; lastKnownFileType = sourcecode.c.h; path = MDCompany.h; sourceTree = "<group>"; };
		F7B3F55C18862D3E00F186DB /* MDCompany.m */ = {isa = PBXFileReference; fileEncoding = 4; lastKnownFileType = sourcecode.c.objc; path = MDCompany.m; sourceTree = "<group>"; };
		F7B3F55D18862D3E00F186DB /* MDEvent.h */ = {isa = PBXFileReference; fileEncoding = 4; lastKnownFileType = sourcecode.c.h; path = MDEvent.h; sourceTree = "<group>"; };
		F7B3F55E18862D3E00F186DB /* MDEvent.m */ = {isa = PBXFileReference; fileEncoding = 4; lastKnownFileType = sourcecode.c.objc; path = MDEvent.m; sourceTree = "<group>"; };
		F7B3F55F18862D3E00F186DB /* MDGroup.h */ = {isa = PBXFileReference; fileEncoding = 4; lastKnownFileType = sourcecode.c.h; path = MDGroup.h; sourceTree = "<group>"; };
		F7B3F56018862D3E00F186DB /* MDGroup.m */ = {isa = PBXFileReference; fileEncoding = 4; lastKnownFileType = sourcecode.c.objc; path = MDGroup.m; sourceTree = "<group>"; };
		F7B3F56118862D3E00F186DB /* MDMessage.h */ = {isa = PBXFileReference; fileEncoding = 4; lastKnownFileType = sourcecode.c.h; path = MDMessage.h; sourceTree = "<group>"; };
		F7B3F56218862D3E00F186DB /* MDMessage.m */ = {isa = PBXFileReference; fileEncoding = 4; lastKnownFileType = sourcecode.c.objc; path = MDMessage.m; sourceTree = "<group>"; };
		F7B3F56318862D3E00F186DB /* MDMessageAll.h */ = {isa = PBXFileReference; fileEncoding = 4; lastKnownFileType = sourcecode.c.h; path = MDMessageAll.h; sourceTree = "<group>"; };
		F7B3F56418862D3E00F186DB /* MDMessageAll.m */ = {isa = PBXFileReference; fileEncoding = 4; lastKnownFileType = sourcecode.c.objc; path = MDMessageAll.m; sourceTree = "<group>"; };
		F7B3F56518862D3E00F186DB /* MDPost.h */ = {isa = PBXFileReference; fileEncoding = 4; lastKnownFileType = sourcecode.c.h; path = MDPost.h; sourceTree = "<group>"; };
		F7B3F56618862D3E00F186DB /* MDPost.m */ = {isa = PBXFileReference; fileEncoding = 4; lastKnownFileType = sourcecode.c.objc; path = MDPost.m; sourceTree = "<group>"; };
		F7B3F56718862D3E00F186DB /* MDPostAt.h */ = {isa = PBXFileReference; fileEncoding = 4; lastKnownFileType = sourcecode.c.h; path = MDPostAt.h; sourceTree = "<group>"; };
		F7B3F56818862D3E00F186DB /* MDPostAt.m */ = {isa = PBXFileReference; fileEncoding = 4; lastKnownFileType = sourcecode.c.objc; path = MDPostAt.m; sourceTree = "<group>"; };
		F7B3F56918862D3E00F186DB /* MDPostReplyment.h */ = {isa = PBXFileReference; fileEncoding = 4; lastKnownFileType = sourcecode.c.h; path = MDPostReplyment.h; sourceTree = "<group>"; };
		F7B3F56A18862D3E00F186DB /* MDPostReplyment.m */ = {isa = PBXFileReference; fileEncoding = 4; lastKnownFileType = sourcecode.c.objc; path = MDPostReplyment.m; sourceTree = "<group>"; };
		F7B3F56B18862D3E00F186DB /* MDProject.h */ = {isa = PBXFileReference; fileEncoding = 4; lastKnownFileType = sourcecode.c.h; path = MDProject.h; sourceTree = "<group>"; };
		F7B3F56C18862D3E00F186DB /* MDProject.m */ = {isa = PBXFileReference; fileEncoding = 4; lastKnownFileType = sourcecode.c.objc; path = MDProject.m; sourceTree = "<group>"; };
		F7B3F56D18862D3E00F186DB /* MDTag.h */ = {isa = PBXFileReference; fileEncoding = 4; lastKnownFileType = sourcecode.c.h; path = MDTag.h; sourceTree = "<group>"; };
		F7B3F56E18862D3E00F186DB /* MDTag.m */ = {isa = PBXFileReference; fileEncoding = 4; lastKnownFileType = sourcecode.c.objc; path = MDTag.m; sourceTree = "<group>"; };
		F7B3F56F18862D3E00F186DB /* MDTask.h */ = {isa = PBXFileReference; fileEncoding = 4; lastKnownFileType = sourcecode.c.h; path = MDTask.h; sourceTree = "<group>"; };
		F7B3F57018862D3E00F186DB /* MDTask.m */ = {isa = PBXFileReference; fileEncoding = 4; lastKnownFileType = sourcecode.c.objc; path = MDTask.m; sourceTree = "<group>"; };
		F7B3F57318862D3E00F186DB /* MDUser.h */ = {isa = PBXFileReference; fileEncoding = 4; lastKnownFileType = sourcecode.c.h; path = MDUser.h; sourceTree = "<group>"; };
		F7B3F57418862D3E00F186DB /* MDUser.m */ = {isa = PBXFileReference; fileEncoding = 4; lastKnownFileType = sourcecode.c.objc; path = MDUser.m; sourceTree = "<group>"; };
/* End PBXFileReference section */

/* Begin PBXFrameworksBuildPhase section */
		F7B3F4EA1886204800F186DB /* Frameworks */ = {
			isa = PBXFrameworksBuildPhase;
			buildActionMask = 2147483647;
			files = (
				F7B3F4F31886204800F186DB /* CoreGraphics.framework in Frameworks */,
				F7B3F4F51886204800F186DB /* UIKit.framework in Frameworks */,
				F7B3F4F11886204800F186DB /* Foundation.framework in Frameworks */,
			);
			runOnlyForDeploymentPostprocessing = 0;
		};
		F7B3F50B1886204800F186DB /* Frameworks */ = {
			isa = PBXFrameworksBuildPhase;
			buildActionMask = 2147483647;
			files = (
				F7B3F5101886204800F186DB /* XCTest.framework in Frameworks */,
				F7B3F5121886204800F186DB /* UIKit.framework in Frameworks */,
				F7B3F5111886204800F186DB /* Foundation.framework in Frameworks */,
			);
			runOnlyForDeploymentPostprocessing = 0;
		};
/* End PBXFrameworksBuildPhase section */

/* Begin PBXGroup section */
		F7677E4618B44BFD00C58FED /* UAModalPanel */ = {
			isa = PBXGroup;
			children = (
				F7677E4718B44BFD00C58FED /* Panel */,
			);
			path = UAModalPanel;
			sourceTree = "<group>";
		};
		F7677E4718B44BFD00C58FED /* Panel */ = {
			isa = PBXGroup;
			children = (
				F7677E4818B44BFD00C58FED /* Categories */,
				F7677E4B18B44BFD00C58FED /* Images */,
				F7677E5218B44BFD00C58FED /* Panels */,
				F7677E5718B44BFD00C58FED /* Views */,
			);
			path = Panel;
			sourceTree = "<group>";
		};
		F7677E4818B44BFD00C58FED /* Categories */ = {
			isa = PBXGroup;
			children = (
				F7677E4918B44BFD00C58FED /* UIView+JMNoise.h */,
				F7677E4A18B44BFD00C58FED /* UIView+JMNoise.m */,
			);
			path = Categories;
			sourceTree = "<group>";
		};
		F7677E4B18B44BFD00C58FED /* Images */ = {
			isa = PBXGroup;
			children = (
				F7677E4C18B44BFD00C58FED /* close.png */,
				F7677E4D18B44BFD00C58FED /* close@2x.png */,
				F7677E4E18B44BFD00C58FED /* modalButton-selected.png */,
				F7677E4F18B44BFD00C58FED /* modalButton-selected@2x.png */,
				F7677E5018B44BFD00C58FED /* modalButton.png */,
				F7677E5118B44BFD00C58FED /* modalButton@2x.png */,
			);
			path = Images;
			sourceTree = "<group>";
		};
		F7677E5218B44BFD00C58FED /* Panels */ = {
			isa = PBXGroup;
			children = (
				F7677E5318B44BFD00C58FED /* UAModalPanel.h */,
				F7677E5418B44BFD00C58FED /* UAModalPanel.m */,
				F7677E5518B44BFD00C58FED /* UATitledModalPanel.h */,
				F7677E5618B44BFD00C58FED /* UATitledModalPanel.m */,
			);
			path = Panels;
			sourceTree = "<group>";
		};
		F7677E5718B44BFD00C58FED /* Views */ = {
			isa = PBXGroup;
			children = (
				F7677E5818B44BFD00C58FED /* UAGradientBackground.h */,
				F7677E5918B44BFD00C58FED /* UAGradientBackground.m */,
				F7677E5A18B44BFD00C58FED /* UANoisyGradientBackground.h */,
				F7677E5B18B44BFD00C58FED /* UANoisyGradientBackground.m */,
				F7677E5C18B44BFD00C58FED /* UARoundedRectView.h */,
				F7677E5D18B44BFD00C58FED /* UARoundedRectView.m */,
			);
			path = Views;
			sourceTree = "<group>";
		};
		F76B83AF19A5E13800247FE8 /* Calendar */ = {
			isa = PBXGroup;
			children = (
				F76B83B019A5E13800247FE8 /* MDAPIManager+Calendar.h */,
				F76B83B119A5E13800247FE8 /* MDAPIManager+Calendar.m */,
			);
			path = Calendar;
			sourceTree = "<group>";
		};
		F76B83B219A5E13800247FE8 /* Company */ = {
			isa = PBXGroup;
			children = (
				F76B83B319A5E13800247FE8 /* MDAPIManager+Company.h */,
				F76B83B419A5E13800247FE8 /* MDAPIManager+Company.m */,
			);
			path = Company;
			sourceTree = "<group>";
		};
		F76B83B519A5E13800247FE8 /* FullSearch */ = {
			isa = PBXGroup;
			children = (
				F76B83B619A5E13800247FE8 /* MDAPIManager+FullSearch.h */,
				F76B83B719A5E13800247FE8 /* MDAPIManager+FullSearch.m */,
			);
			path = FullSearch;
			sourceTree = "<group>";
		};
		F76B83B819A5E13800247FE8 /* Group */ = {
			isa = PBXGroup;
			children = (
				F76B83B919A5E13800247FE8 /* MDAPIManager+Group.h */,
				F76B83BA19A5E13800247FE8 /* MDAPIManager+Group.m */,
			);
			path = Group;
			sourceTree = "<group>";
		};
		F76B83BB19A5E13800247FE8 /* Message */ = {
			isa = PBXGroup;
			children = (
				F76B83BC19A5E13800247FE8 /* MDAPIManager+Message.h */,
				F76B83BD19A5E13800247FE8 /* MDAPIManager+Message.m */,
			);
			path = Message;
			sourceTree = "<group>";
		};
		F76B83BE19A5E13800247FE8 /* Passport */ = {
			isa = PBXGroup;
			children = (
				F76B83BF19A5E13800247FE8 /* MDAPIManager+Passport.h */,
				F76B83C019A5E13800247FE8 /* MDAPIManager+Passport.m */,
			);
			path = Passport;
			sourceTree = "<group>";
		};
		F76B83C119A5E13800247FE8 /* Post */ = {
			isa = PBXGroup;
			children = (
				F76B83C219A5E13800247FE8 /* MDAPIManager+Post.h */,
				F76B83C319A5E13800247FE8 /* MDAPIManager+Post.m */,
			);
			path = Post;
			sourceTree = "<group>";
		};
		F76B83C419A5E13800247FE8 /* Task */ = {
			isa = PBXGroup;
			children = (
				F76B83C519A5E13800247FE8 /* MDAPIManager+Task.h */,
				F76B83C619A5E13800247FE8 /* MDAPIManager+Task.m */,
			);
			path = Task;
			sourceTree = "<group>";
		};
		F76B83C719A5E13800247FE8 /* User */ = {
			isa = PBXGroup;
			children = (
				F76B83C819A5E13800247FE8 /* MDAPIManager+User.h */,
				F76B83C919A5E13800247FE8 /* MDAPIManager+User.m */,
			);
			path = User;
			sourceTree = "<group>";
		};
		F76B83CA19A5E13800247FE8 /* Vote */ = {
			isa = PBXGroup;
			children = (
				F76B83CB19A5E13800247FE8 /* MDAPIManager+Vote.h */,
				F76B83CC19A5E13800247FE8 /* MDAPIManager+Vote.m */,
			);
			path = Vote;
			sourceTree = "<group>";
		};
		F7B3F4E41886204800F186DB = {
			isa = PBXGroup;
			children = (
				F7B3F52918862D3E00F186DB /* MingdaoSDK */,
				F7B3F4F61886204800F186DB /* MDAuthticationSDKDemo */,
				F7B3F5151886204800F186DB /* MDAuthticationSDKDemoTests */,
				F7B3F4EF1886204800F186DB /* Frameworks */,
				F7B3F4EE1886204800F186DB /* Products */,
			);
			sourceTree = "<group>";
		};
		F7B3F4EE1886204800F186DB /* Products */ = {
			isa = PBXGroup;
			children = (
				F7B3F4ED1886204800F186DB /* MDAuthticationSDKDemo.app */,
				F7B3F50E1886204800F186DB /* MDAuthticationSDKDemoTests.xctest */,
			);
			name = Products;
			sourceTree = "<group>";
		};
		F7B3F4EF1886204800F186DB /* Frameworks */ = {
			isa = PBXGroup;
			children = (
				F7B3F4F01886204800F186DB /* Foundation.framework */,
				F7B3F4F21886204800F186DB /* CoreGraphics.framework */,
				F7B3F4F41886204800F186DB /* UIKit.framework */,
				F7B3F50F1886204800F186DB /* XCTest.framework */,
			);
			name = Frameworks;
			sourceTree = "<group>";
		};
		F7B3F4F61886204800F186DB /* MDAuthticationSDKDemo */ = {
			isa = PBXGroup;
			children = (
				F7B3F4FF1886204800F186DB /* AppDelegate.h */,
				F7B3F5001886204800F186DB /* AppDelegate.m */,
				F7B3F5021886204800F186DB /* Main.storyboard */,
				F7B3F5051886204800F186DB /* ViewController.h */,
				F7B3F5061886204800F186DB /* ViewController.m */,
				F7B3F5081886204800F186DB /* Images.xcassets */,
				F7B3F4F71886204800F186DB /* Supporting Files */,
			);
			path = MDAuthticationSDKDemo;
			sourceTree = "<group>";
		};
		F7B3F4F71886204800F186DB /* Supporting Files */ = {
			isa = PBXGroup;
			children = (
				F7B3F4F81886204800F186DB /* MDAuthticationSDKDemo-Info.plist */,
				F7B3F4F91886204800F186DB /* InfoPlist.strings */,
				F7B3F4FC1886204800F186DB /* main.m */,
				F7B3F4FE1886204800F186DB /* MDAuthticationSDKDemo-Prefix.pch */,
			);
			name = "Supporting Files";
			sourceTree = "<group>";
		};
		F7B3F5151886204800F186DB /* MDAuthticationSDKDemoTests */ = {
			isa = PBXGroup;
			children = (
				F7B3F51B1886204800F186DB /* MDAuthticationSDKDemoTests.m */,
				F7B3F5161886204800F186DB /* Supporting Files */,
			);
			path = MDAuthticationSDKDemoTests;
			sourceTree = "<group>";
		};
		F7B3F5161886204800F186DB /* Supporting Files */ = {
			isa = PBXGroup;
			children = (
				F7B3F5171886204800F186DB /* MDAuthticationSDKDemoTests-Info.plist */,
				F7B3F5181886204800F186DB /* InfoPlist.strings */,
			);
			name = "Supporting Files";
			sourceTree = "<group>";
		};
		F7B3F52918862D3E00F186DB /* MingdaoSDK */ = {
			isa = PBXGroup;
			children = (
				F7B3F54118862D3E00F186DB /* MingdaoSDKClass */,
			);
			name = MingdaoSDK;
			path = ..;
			sourceTree = "<group>";
		};
		F7B3F54118862D3E00F186DB /* MingdaoSDKClass */ = {
			isa = PBXGroup;
			children = (
				F76B83D719A5E2DB00247FE8 /* MDAPICategory.h */,
				F7B3F54218862D3E00F186DB /* API */,
				F7B3F54618862D3E00F186DB /* Authenticaor */,
				F7B3F54918862D3E00F186DB /* Helper */,
				F7B3F55A18862D3E00F186DB /* Model */,
			);
			path = MingdaoSDKClass;
			sourceTree = "<group>";
		};
		F7B3F54218862D3E00F186DB /* API */ = {
			isa = PBXGroup;
			children = (
				F7B3F54318862D3E00F186DB /* MDAPIHandler.h */,
				F7B3F54418862D3E00F186DB /* MDAPIManager.h */,
				F7B3F54518862D3E00F186DB /* MDAPIManager.m */,
				F76B83AF19A5E13800247FE8 /* Calendar */,
				F76B83B219A5E13800247FE8 /* Company */,
				F76B83B519A5E13800247FE8 /* FullSearch */,
				F76B83B819A5E13800247FE8 /* Group */,
				F76B83BB19A5E13800247FE8 /* Message */,
				F76B83BE19A5E13800247FE8 /* Passport */,
				F76B83C119A5E13800247FE8 /* Post */,
				F76B83C419A5E13800247FE8 /* Task */,
				F76B83C719A5E13800247FE8 /* User */,
				F76B83CA19A5E13800247FE8 /* Vote */,
			);
			path = API;
			sourceTree = "<group>";
		};
		F7B3F54618862D3E00F186DB /* Authenticaor */ = {
			isa = PBXGroup;
			children = (
				F7677E4618B44BFD00C58FED /* UAModalPanel */,
				F7B3F54718862D3E00F186DB /* MDAuthenticator.h */,
				F7B3F54818862D3E00F186DB /* MDAuthenticator.m */,
				F7677E6A18B44CD100C58FED /* MDAuthPanel.h */,
				F7677E6B18B44CD100C58FED /* MDAuthPanel.m */,
			);
			path = Authenticaor;
			sourceTree = "<group>";
		};
		F7B3F54918862D3E00F186DB /* Helper */ = {
			isa = PBXGroup;
			children = (
				F7B3F55418862D3E00F186DB /* MDErrorParser.h */,
				F7B3F55518862D3E00F186DB /* MDErrorParser.m */,
				F7B3F55618862D3E00F186DB /* MDURLConnection.h */,
				F7B3F55718862D3E00F186DB /* MDURLConnection.m */,
				F7B3F55818862D3E00F186DB /* MDURLConnectionQueue.h */,
				F7B3F55918862D3E00F186DB /* MDURLConnectionQueue.m */,
			);
			path = Helper;
			sourceTree = "<group>";
		};
		F7B3F55A18862D3E00F186DB /* Model */ = {
			isa = PBXGroup;
			children = (
				F7B3F55B18862D3E00F186DB /* MDCompany.h */,
				F7B3F55C18862D3E00F186DB /* MDCompany.m */,
				F7B3F55D18862D3E00F186DB /* MDEvent.h */,
				F7B3F55E18862D3E00F186DB /* MDEvent.m */,
				F7B3F55F18862D3E00F186DB /* MDGroup.h */,
				F7B3F56018862D3E00F186DB /* MDGroup.m */,
				F7B3F56118862D3E00F186DB /* MDMessage.h */,
				F7B3F56218862D3E00F186DB /* MDMessage.m */,
				F7B3F56318862D3E00F186DB /* MDMessageAll.h */,
				F7B3F56418862D3E00F186DB /* MDMessageAll.m */,
				F7B3F56518862D3E00F186DB /* MDPost.h */,
				F7B3F56618862D3E00F186DB /* MDPost.m */,
				F7B3F56718862D3E00F186DB /* MDPostAt.h */,
				F7B3F56818862D3E00F186DB /* MDPostAt.m */,
				F7B3F56918862D3E00F186DB /* MDPostReplyment.h */,
				F7B3F56A18862D3E00F186DB /* MDPostReplyment.m */,
				F7B3F56B18862D3E00F186DB /* MDProject.h */,
				F7B3F56C18862D3E00F186DB /* MDProject.m */,
				F7B3F56D18862D3E00F186DB /* MDTag.h */,
				F7B3F56E18862D3E00F186DB /* MDTag.m */,
				F7B3F56F18862D3E00F186DB /* MDTask.h */,
				F7B3F57018862D3E00F186DB /* MDTask.m */,
				F76B83A019A5E11700247FE8 /* MDTaskMessage.h */,
				F76B83A119A5E11700247FE8 /* MDTaskMessage.m */,
				F76B83A219A5E11700247FE8 /* MDTaskReplyment.h */,
				F76B83A319A5E11700247FE8 /* MDTaskReplyment.m */,
				F76B83A419A5E11700247FE8 /* MDTaskReplyMessage.h */,
				F76B83A519A5E11700247FE8 /* MDTaskReplyMessage.m */,
				F76B83A619A5E11700247FE8 /* MDTaskSystemMessage.h */,
				F76B83A719A5E11700247FE8 /* MDTaskSystemMessage.m */,
				F76B83AC19A5E12200247FE8 /* MDTaskMentionedMessage.h */,
				F76B83AD19A5E12200247FE8 /* MDTaskMentionedMessage.m */,
				F7B3F57318862D3E00F186DB /* MDUser.h */,
				F7B3F57418862D3E00F186DB /* MDUser.m */,
			);
			path = Model;
			sourceTree = "<group>";
		};
/* End PBXGroup section */

/* Begin PBXNativeTarget section */
		F7B3F4EC1886204800F186DB /* MDAuthticationSDKDemo */ = {
			isa = PBXNativeTarget;
			buildConfigurationList = F7B3F51F1886204800F186DB /* Build configuration list for PBXNativeTarget "MDAuthticationSDKDemo" */;
			buildPhases = (
				F7B3F4E91886204800F186DB /* Sources */,
				F7B3F4EA1886204800F186DB /* Frameworks */,
				F7B3F4EB1886204800F186DB /* Resources */,
			);
			buildRules = (
			);
			dependencies = (
			);
			name = MDAuthticationSDKDemo;
			productName = MDAuthticationSDKDemo;
			productReference = F7B3F4ED1886204800F186DB /* MDAuthticationSDKDemo.app */;
			productType = "com.apple.product-type.application";
		};
		F7B3F50D1886204800F186DB /* MDAuthticationSDKDemoTests */ = {
			isa = PBXNativeTarget;
			buildConfigurationList = F7B3F5221886204800F186DB /* Build configuration list for PBXNativeTarget "MDAuthticationSDKDemoTests" */;
			buildPhases = (
				F7B3F50A1886204800F186DB /* Sources */,
				F7B3F50B1886204800F186DB /* Frameworks */,
				F7B3F50C1886204800F186DB /* Resources */,
			);
			buildRules = (
			);
			dependencies = (
				F7B3F5141886204800F186DB /* PBXTargetDependency */,
			);
			name = MDAuthticationSDKDemoTests;
			productName = MDAuthticationSDKDemoTests;
			productReference = F7B3F50E1886204800F186DB /* MDAuthticationSDKDemoTests.xctest */;
			productType = "com.apple.product-type.bundle.unit-test";
		};
/* End PBXNativeTarget section */

/* Begin PBXProject section */
		F7B3F4E51886204800F186DB /* Project object */ = {
			isa = PBXProject;
			attributes = {
				LastUpgradeCheck = 0510;
				ORGANIZATIONNAME = Mingdao;
				TargetAttributes = {
					F7B3F50D1886204800F186DB = {
						TestTargetID = F7B3F4EC1886204800F186DB;
					};
				};
			};
			buildConfigurationList = F7B3F4E81886204800F186DB /* Build configuration list for PBXProject "MDAuthticationSDKDemo" */;
			compatibilityVersion = "Xcode 3.2";
			developmentRegion = English;
			hasScannedForEncodings = 0;
			knownRegions = (
				en,
				Base,
			);
			mainGroup = F7B3F4E41886204800F186DB;
			productRefGroup = F7B3F4EE1886204800F186DB /* Products */;
			projectDirPath = "";
			projectRoot = "";
			targets = (
				F7B3F4EC1886204800F186DB /* MDAuthticationSDKDemo */,
				F7B3F50D1886204800F186DB /* MDAuthticationSDKDemoTests */,
			);
		};
/* End PBXProject section */

/* Begin PBXResourcesBuildPhase section */
		F7B3F4EB1886204800F186DB /* Resources */ = {
			isa = PBXResourcesBuildPhase;
			buildActionMask = 2147483647;
			files = (
				F7677E6118B44BFD00C58FED /* modalButton-selected.png in Resources */,
				F7677E6018B44BFD00C58FED /* close@2x.png in Resources */,
				F7B3F5091886204800F186DB /* Images.xcassets in Resources */,
				F7677E6318B44BFD00C58FED /* modalButton.png in Resources */,
				F7B3F4FB1886204800F186DB /* InfoPlist.strings in Resources */,
				F7677E6418B44BFD00C58FED /* modalButton@2x.png in Resources */,
				F7677E6218B44BFD00C58FED /* modalButton-selected@2x.png in Resources */,
				F7677E5F18B44BFD00C58FED /* close.png in Resources */,
				F7B3F5041886204800F186DB /* Main.storyboard in Resources */,
			);
			runOnlyForDeploymentPostprocessing = 0;
		};
		F7B3F50C1886204800F186DB /* Resources */ = {
			isa = PBXResourcesBuildPhase;
			buildActionMask = 2147483647;
			files = (
				F7B3F51A1886204800F186DB /* InfoPlist.strings in Resources */,
			);
			runOnlyForDeploymentPostprocessing = 0;
		};
/* End PBXResourcesBuildPhase section */

/* Begin PBXSourcesBuildPhase section */
		F7B3F4E91886204800F186DB /* Sources */ = {
			isa = PBXSourcesBuildPhase;
			buildActionMask = 2147483647;
			files = (
				F7B3F59418862D3E00F186DB /* MDPostAt.m in Sources */,
				F76B83D019A5E13800247FE8 /* MDAPIManager+Group.m in Sources */,
				F76B83D619A5E13800247FE8 /* MDAPIManager+Vote.m in Sources */,
				F76B83AE19A5E12200247FE8 /* MDTaskMentionedMessage.m in Sources */,
				F76B83CF19A5E13800247FE8 /* MDAPIManager+FullSearch.m in Sources */,
				F7B3F5071886204800F186DB /* ViewController.m in Sources */,
				F76B83D319A5E13800247FE8 /* MDAPIManager+Post.m in Sources */,
				F7677E5E18B44BFD00C58FED /* UIView+JMNoise.m in Sources */,
				F7B3F58C18862D3E00F186DB /* MDURLConnection.m in Sources */,
				F7677E6618B44BFD00C58FED /* UATitledModalPanel.m in Sources */,
				F7B3F5011886204800F186DB /* AppDelegate.m in Sources */,
				F7B3F58518862D3E00F186DB /* MDAuthenticator.m in Sources */,
				F7677E6818B44BFD00C58FED /* UANoisyGradientBackground.m in Sources */,
				F76B83CD19A5E13800247FE8 /* MDAPIManager+Calendar.m in Sources */,
				F7677E6518B44BFD00C58FED /* UAModalPanel.m in Sources */,
				F7677E6718B44BFD00C58FED /* UAGradientBackground.m in Sources */,
				F7B3F58D18862D3E00F186DB /* MDURLConnectionQueue.m in Sources */,
				F7B3F4FD1886204800F186DB /* main.m in Sources */,
				F7677E6918B44BFD00C58FED /* UARoundedRectView.m in Sources */,
				F76B83CE19A5E13800247FE8 /* MDAPIManager+Company.m in Sources */,
				F76B83AB19A5E11700247FE8 /* MDTaskSystemMessage.m in Sources */,
				F7B3F59318862D3E00F186DB /* MDPost.m in Sources */,
				F76B83A919A5E11700247FE8 /* MDTaskReplyment.m in Sources */,
				F76B83D119A5E13800247FE8 /* MDAPIManager+Message.m in Sources */,
				F7B3F58F18862D3E00F186DB /* MDEvent.m in Sources */,
				F7B3F59618862D3E00F186DB /* MDProject.m in Sources */,
				F7B3F59518862D3E00F186DB /* MDPostReplyment.m in Sources */,
				F76B83D419A5E13800247FE8 /* MDAPIManager+Task.m in Sources */,
				F7B3F59118862D3E00F186DB /* MDMessage.m in Sources */,
				F76B83AA19A5E11700247FE8 /* MDTaskReplyMessage.m in Sources */,
				F7B3F58B18862D3E00F186DB /* MDErrorParser.m in Sources */,
				F76B83A819A5E11700247FE8 /* MDTaskMessage.m in Sources */,
				F7B3F59818862D3E00F186DB /* MDTask.m in Sources */,
				F7B3F59018862D3E00F186DB /* MDGroup.m in Sources */,
				F7B3F59218862D3E00F186DB /* MDMessageAll.m in Sources */,
				F7677E6C18B44CD100C58FED /* MDAuthPanel.m in Sources */,
				F76B83D519A5E13800247FE8 /* MDAPIManager+User.m in Sources */,
				F76B83D219A5E13800247FE8 /* MDAPIManager+Passport.m in Sources */,
				F7B3F59A18862D3E00F186DB /* MDUser.m in Sources */,
				F7B3F58E18862D3E00F186DB /* MDCompany.m in Sources */,
				F7B3F59718862D3E00F186DB /* MDTag.m in Sources */,
				F7B3F58418862D3E00F186DB /* MDAPIManager.m in Sources */,
			);
			runOnlyForDeploymentPostprocessing = 0;
		};
		F7B3F50A1886204800F186DB /* Sources */ = {
			isa = PBXSourcesBuildPhase;
			buildActionMask = 2147483647;
			files = (
				F7B3F51C1886204800F186DB /* MDAuthticationSDKDemoTests.m in Sources */,
			);
			runOnlyForDeploymentPostprocessing = 0;
		};
/* End PBXSourcesBuildPhase section */

/* Begin PBXTargetDependency section */
		F7B3F5141886204800F186DB /* PBXTargetDependency */ = {
			isa = PBXTargetDependency;
			target = F7B3F4EC1886204800F186DB /* MDAuthticationSDKDemo */;
			targetProxy = F7B3F5131886204800F186DB /* PBXContainerItemProxy */;
		};
/* End PBXTargetDependency section */

/* Begin PBXVariantGroup section */
		F7B3F4F91886204800F186DB /* InfoPlist.strings */ = {
			isa = PBXVariantGroup;
			children = (
				F7B3F4FA1886204800F186DB /* en */,
			);
			name = InfoPlist.strings;
			sourceTree = "<group>";
		};
		F7B3F5021886204800F186DB /* Main.storyboard */ = {
			isa = PBXVariantGroup;
			children = (
				F7B3F5031886204800F186DB /* Base */,
			);
			name = Main.storyboard;
			sourceTree = "<group>";
		};
		F7B3F5181886204800F186DB /* InfoPlist.strings */ = {
			isa = PBXVariantGroup;
			children = (
				F7B3F5191886204800F186DB /* en */,
			);
			name = InfoPlist.strings;
			sourceTree = "<group>";
		};
/* End PBXVariantGroup section */

/* Begin XCBuildConfiguration section */
		F7B3F51D1886204800F186DB /* Debug */ = {
			isa = XCBuildConfiguration;
			buildSettings = {
				ALWAYS_SEARCH_USER_PATHS = NO;
				CLANG_CXX_LANGUAGE_STANDARD = "gnu++0x";
				CLANG_CXX_LIBRARY = "libc++";
				CLANG_ENABLE_MODULES = YES;
				CLANG_ENABLE_OBJC_ARC = YES;
				CLANG_WARN_BOOL_CONVERSION = YES;
				CLANG_WARN_CONSTANT_CONVERSION = YES;
				CLANG_WARN_DIRECT_OBJC_ISA_USAGE = YES_ERROR;
				CLANG_WARN_EMPTY_BODY = YES;
				CLANG_WARN_ENUM_CONVERSION = YES;
				CLANG_WARN_INT_CONVERSION = YES;
				CLANG_WARN_OBJC_ROOT_CLASS = YES_ERROR;
				CLANG_WARN__DUPLICATE_METHOD_MATCH = YES;
				"CODE_SIGN_IDENTITY[sdk=iphoneos*]" = "iPhone Developer";
				COPY_PHASE_STRIP = NO;
				GCC_C_LANGUAGE_STANDARD = gnu99;
				GCC_DYNAMIC_NO_PIC = NO;
				GCC_OPTIMIZATION_LEVEL = 0;
				GCC_PREPROCESSOR_DEFINITIONS = (
					"DEBUG=1",
					"$(inherited)",
				);
				GCC_SYMBOLS_PRIVATE_EXTERN = NO;
				GCC_WARN_64_TO_32_BIT_CONVERSION = YES;
				GCC_WARN_ABOUT_RETURN_TYPE = YES_ERROR;
				GCC_WARN_UNDECLARED_SELECTOR = YES;
				GCC_WARN_UNINITIALIZED_AUTOS = YES;
				GCC_WARN_UNUSED_FUNCTION = YES;
				GCC_WARN_UNUSED_VARIABLE = YES;
				IPHONEOS_DEPLOYMENT_TARGET = 7.0;
				ONLY_ACTIVE_ARCH = YES;
				SDKROOT = iphoneos;
			};
			name = Debug;
		};
		F7B3F51E1886204800F186DB /* Release */ = {
			isa = XCBuildConfiguration;
			buildSettings = {
				ALWAYS_SEARCH_USER_PATHS = NO;
				CLANG_CXX_LANGUAGE_STANDARD = "gnu++0x";
				CLANG_CXX_LIBRARY = "libc++";
				CLANG_ENABLE_MODULES = YES;
				CLANG_ENABLE_OBJC_ARC = YES;
				CLANG_WARN_BOOL_CONVERSION = YES;
				CLANG_WARN_CONSTANT_CONVERSION = YES;
				CLANG_WARN_DIRECT_OBJC_ISA_USAGE = YES_ERROR;
				CLANG_WARN_EMPTY_BODY = YES;
				CLANG_WARN_ENUM_CONVERSION = YES;
				CLANG_WARN_INT_CONVERSION = YES;
				CLANG_WARN_OBJC_ROOT_CLASS = YES_ERROR;
				CLANG_WARN__DUPLICATE_METHOD_MATCH = YES;
				"CODE_SIGN_IDENTITY[sdk=iphoneos*]" = "iPhone Developer";
				COPY_PHASE_STRIP = YES;
				ENABLE_NS_ASSERTIONS = NO;
				GCC_C_LANGUAGE_STANDARD = gnu99;
				GCC_WARN_64_TO_32_BIT_CONVERSION = YES;
				GCC_WARN_ABOUT_RETURN_TYPE = YES_ERROR;
				GCC_WARN_UNDECLARED_SELECTOR = YES;
				GCC_WARN_UNINITIALIZED_AUTOS = YES;
				GCC_WARN_UNUSED_FUNCTION = YES;
				GCC_WARN_UNUSED_VARIABLE = YES;
				IPHONEOS_DEPLOYMENT_TARGET = 7.0;
				SDKROOT = iphoneos;
				VALIDATE_PRODUCT = YES;
			};
			name = Release;
		};
		F7B3F5201886204800F186DB /* Debug */ = {
			isa = XCBuildConfiguration;
			buildSettings = {
				ASSETCATALOG_COMPILER_APPICON_NAME = AppIcon;
				ASSETCATALOG_COMPILER_LAUNCHIMAGE_NAME = LaunchImage;
				CODE_SIGN_IDENTITY = "iPhone Developer";
				GCC_PRECOMPILE_PREFIX_HEADER = YES;
				GCC_PREFIX_HEADER = "MDAuthticationSDKDemo/MDAuthticationSDKDemo-Prefix.pch";
				INFOPLIST_FILE = "MDAuthticationSDKDemo/MDAuthticationSDKDemo-Info.plist";
				PRODUCT_NAME = "$(TARGET_NAME)";
				PROVISIONING_PROFILE = "";
				WRAPPER_EXTENSION = app;
			};
			name = Debug;
		};
		F7B3F5211886204800F186DB /* Release */ = {
			isa = XCBuildConfiguration;
			buildSettings = {
				ASSETCATALOG_COMPILER_APPICON_NAME = AppIcon;
				ASSETCATALOG_COMPILER_LAUNCHIMAGE_NAME = LaunchImage;
				CODE_SIGN_IDENTITY = "iPhone Developer";
				"CODE_SIGN_IDENTITY[sdk=iphoneos*]" = "iPhone Developer";
				GCC_PRECOMPILE_PREFIX_HEADER = YES;
				GCC_PREFIX_HEADER = "MDAuthticationSDKDemo/MDAuthticationSDKDemo-Prefix.pch";
				INFOPLIST_FILE = "MDAuthticationSDKDemo/MDAuthticationSDKDemo-Info.plist";
				PRODUCT_NAME = "$(TARGET_NAME)";
				PROVISIONING_PROFILE = "";
				WRAPPER_EXTENSION = app;
			};
			name = Release;
		};
		F7B3F5231886204800F186DB /* Debug */ = {
			isa = XCBuildConfiguration;
			buildSettings = {
				BUNDLE_LOADER = "$(BUILT_PRODUCTS_DIR)/MDAuthticationSDKDemo.app/MDAuthticationSDKDemo";
				FRAMEWORK_SEARCH_PATHS = (
					"$(SDKROOT)/Developer/Library/Frameworks",
					"$(inherited)",
					"$(DEVELOPER_FRAMEWORKS_DIR)",
				);
				GCC_PRECOMPILE_PREFIX_HEADER = YES;
				GCC_PREFIX_HEADER = "MDAuthticationSDKDemo/MDAuthticationSDKDemo-Prefix.pch";
				GCC_PREPROCESSOR_DEFINITIONS = (
					"DEBUG=1",
					"$(inherited)",
				);
				INFOPLIST_FILE = "MDAuthticationSDKDemoTests/MDAuthticationSDKDemoTests-Info.plist";
				PRODUCT_NAME = "$(TARGET_NAME)";
				TEST_HOST = "$(BUNDLE_LOADER)";
				WRAPPER_EXTENSION = xctest;
			};
			name = Debug;
		};
		F7B3F5241886204800F186DB /* Release */ = {
			isa = XCBuildConfiguration;
			buildSettings = {
				BUNDLE_LOADER = "$(BUILT_PRODUCTS_DIR)/MDAuthticationSDKDemo.app/MDAuthticationSDKDemo";
				FRAMEWORK_SEARCH_PATHS = (
					"$(SDKROOT)/Developer/Library/Frameworks",
					"$(inherited)",
					"$(DEVELOPER_FRAMEWORKS_DIR)",
				);
				GCC_PRECOMPILE_PREFIX_HEADER = YES;
				GCC_PREFIX_HEADER = "MDAuthticationSDKDemo/MDAuthticationSDKDemo-Prefix.pch";
				INFOPLIST_FILE = "MDAuthticationSDKDemoTests/MDAuthticationSDKDemoTests-Info.plist";
				PRODUCT_NAME = "$(TARGET_NAME)";
				TEST_HOST = "$(BUNDLE_LOADER)";
				WRAPPER_EXTENSION = xctest;
			};
			name = Release;
		};
/* End XCBuildConfiguration section */

/* Begin XCConfigurationList section */
		F7B3F4E81886204800F186DB /* Build configuration list for PBXProject "MDAuthticationSDKDemo" */ = {
			isa = XCConfigurationList;
			buildConfigurations = (
				F7B3F51D1886204800F186DB /* Debug */,
				F7B3F51E1886204800F186DB /* Release */,
			);
			defaultConfigurationIsVisible = 0;
			defaultConfigurationName = Release;
		};
		F7B3F51F1886204800F186DB /* Build configuration list for PBXNativeTarget "MDAuthticationSDKDemo" */ = {
			isa = XCConfigurationList;
			buildConfigurations = (
				F7B3F5201886204800F186DB /* Debug */,
				F7B3F5211886204800F186DB /* Release */,
			);
			defaultConfigurationIsVisible = 0;
			defaultConfigurationName = Release;
		};
		F7B3F5221886204800F186DB /* Build configuration list for PBXNativeTarget "MDAuthticationSDKDemoTests" */ = {
			isa = XCConfigurationList;
			buildConfigurations = (
				F7B3F5231886204800F186DB /* Debug */,
				F7B3F5241886204800F186DB /* Release */,
			);
			defaultConfigurationIsVisible = 0;
			defaultConfigurationName = Release;
		};
/* End XCConfigurationList section */
	};
	rootObject = F7B3F4E51886204800F186DB /* Project object */;
}
